// !$*UTF8*$!
{
	archiveVersion = 1;
	classes = {
	};
	objectVersion = 48;
	objects = {

/* Begin PBXBuildFile section */
		4C154EF9208ABA880074E56A /* TimersandUpdates.cpp in Sources */ = {isa = PBXBuildFile; fileRef = 4C154EF7208ABA880074E56A /* TimersandUpdates.cpp */; };
		4CF1B95A207C0DED00008DEF /* main.cpp in Sources */ = {isa = PBXBuildFile; fileRef = 4CF1B959207C0DED00008DEF /* main.cpp */; };
		4CF1B965207C12E700008DEF /* node.cpp in Sources */ = {isa = PBXBuildFile; fileRef = 4CF1B963207C12E700008DEF /* node.cpp */; };
		4CF1B979207D56E500008DEF /* Task.cpp in Sources */ = {isa = PBXBuildFile; fileRef = 4CF1B977207D56E400008DEF /* Task.cpp */; };
		4CF1B97C207D56FA00008DEF /* RTOS.cpp in Sources */ = {isa = PBXBuildFile; fileRef = 4CF1B97B207D56F900008DEF /* RTOS.cpp */; };
		4CF1B97F207ED48A00008DEF /* helperFunctions.cpp in Sources */ = {isa = PBXBuildFile; fileRef = 4CF1B97D207ED48A00008DEF /* helperFunctions.cpp */; };
/* End PBXBuildFile section */

/* Begin PBXCopyFilesBuildPhase section */
		4CF1B954207C0DEC00008DEF /* CopyFiles */ = {
			isa = PBXCopyFilesBuildPhase;
			buildActionMask = 2147483647;
			dstPath = /usr/share/man/man1/;
			dstSubfolderSpec = 0;
			files = (
			);
			runOnlyForDeploymentPostprocessing = 1;
		};
/* End PBXCopyFilesBuildPhase section */

/* Begin PBXFileReference section */
		4C154EF7208ABA880074E56A /* TimersandUpdates.cpp */ = {isa = PBXFileReference; lastKnownFileType = sourcecode.cpp.cpp; path = TimersandUpdates.cpp; sourceTree = "<group>"; };
		4C154EF8208ABA880074E56A /* TimersandUpdates.hpp */ = {isa = PBXFileReference; lastKnownFileType = sourcecode.cpp.h; path = TimersandUpdates.hpp; sourceTree = "<group>"; };
		4CF1B956207C0DED00008DEF /* main */ = {isa = PBXFileReference; explicitFileType = "compiled.mach-o.executable"; includeInIndex = 0; path = main; sourceTree = BUILT_PRODUCTS_DIR; };
		4CF1B959207C0DED00008DEF /* main.cpp */ = {isa = PBXFileReference; lastKnownFileType = sourcecode.cpp.cpp; path = main.cpp; sourceTree = "<group>"; };
		4CF1B963207C12E700008DEF /* node.cpp */ = {isa = PBXFileReference; lastKnownFileType = sourcecode.cpp.cpp; name = node.cpp; path = nodeClass/node.cpp; sourceTree = "<group>"; };
		4CF1B964207C12E700008DEF /* node.hpp */ = {isa = PBXFileReference; lastKnownFileType = sourcecode.cpp.h; name = node.hpp; path = nodeClass/node.hpp; sourceTree = "<group>"; };
		4CF1B969207C16EE00008DEF /* main.h */ = {isa = PBXFileReference; lastKnownFileType = sourcecode.c.h; path = main.h; sourceTree = "<group>"; };
		4CF1B977207D56E400008DEF /* Task.cpp */ = {isa = PBXFileReference; fileEncoding = 4; lastKnownFileType = sourcecode.cpp.cpp; name = Task.cpp; path = TaskClass/Task.cpp; sourceTree = "<group>"; };
		4CF1B978207D56E400008DEF /* Task.hpp */ = {isa = PBXFileReference; fileEncoding = 4; lastKnownFileType = sourcecode.cpp.h; name = Task.hpp; path = TaskClass/Task.hpp; sourceTree = "<group>"; };
		4CF1B97A207D56F000008DEF /* RTOS.hpp */ = {isa = PBXFileReference; fileEncoding = 4; lastKnownFileType = sourcecode.cpp.h; path = RTOS.hpp; sourceTree = "<group>"; };
		4CF1B97B207D56F900008DEF /* RTOS.cpp */ = {isa = PBXFileReference; fileEncoding = 4; lastKnownFileType = sourcecode.cpp.cpp; path = RTOS.cpp; sourceTree = "<group>"; };
		4CF1B97D207ED48A00008DEF /* helperFunctions.cpp */ = {isa = PBXFileReference; lastKnownFileType = sourcecode.cpp.cpp; path = helperFunctions.cpp; sourceTree = "<group>"; };
		4CF1B97E207ED48A00008DEF /* helperFunctions.hpp */ = {isa = PBXFileReference; lastKnownFileType = sourcecode.cpp.h; path = helperFunctions.hpp; sourceTree = "<group>"; };
/* End PBXFileReference section */

/* Begin PBXFrameworksBuildPhase section */
		4CF1B953207C0DEC00008DEF /* Frameworks */ = {
			isa = PBXFrameworksBuildPhase;
			buildActionMask = 2147483647;
			files = (
			);
			runOnlyForDeploymentPostprocessing = 0;
		};
/* End PBXFrameworksBuildPhase section */

/* Begin PBXGroup section */
		4CF1B94D207C0DEC00008DEF = {
			isa = PBXGroup;
			children = (
				4CF1B958207C0DED00008DEF /* main */,
				4CF1B957207C0DED00008DEF /* Products */,
			);
			sourceTree = "<group>";
		};
		4CF1B957207C0DED00008DEF /* Products */ = {
			isa = PBXGroup;
			children = (
				4CF1B956207C0DED00008DEF /* main */,
			);
			name = Products;
			sourceTree = "<group>";
		};
		4CF1B958207C0DED00008DEF /* main */ = {
			isa = PBXGroup;
			children = (
				4CF1B97D207ED48A00008DEF /* helperFunctions.cpp */,
				4CF1B97E207ED48A00008DEF /* helperFunctions.hpp */,
				4CF1B959207C0DED00008DEF /* main.cpp */,
				4CF1B969207C16EE00008DEF /* main.h */,
				4C154EF7208ABA880074E56A /* TimersandUpdates.cpp */,
				4C154EF8208ABA880074E56A /* TimersandUpdates.hpp */,
				4CF1B97A207D56F000008DEF /* RTOS.hpp */,
				4CF1B97B207D56F900008DEF /* RTOS.cpp */,
				4CF1B977207D56E400008DEF /* Task.cpp */,
				4CF1B978207D56E400008DEF /* Task.hpp */,
				4CF1B964207C12E700008DEF /* node.hpp */,
				4CF1B963207C12E700008DEF /* node.cpp */,
			);
			path = main;
			sourceTree = "<group>";
		};
/* End PBXGroup section */

/* Begin PBXNativeTarget section */
		4CF1B955207C0DEC00008DEF /* main */ = {
			isa = PBXNativeTarget;
			buildConfigurationList = 4CF1B95D207C0DED00008DEF /* Build configuration list for PBXNativeTarget "main" */;
			buildPhases = (
				4CF1B952207C0DEC00008DEF /* Sources */,
				4CF1B953207C0DEC00008DEF /* Frameworks */,
				4CF1B954207C0DEC00008DEF /* CopyFiles */,
			);
			buildRules = (
			);
			dependencies = (
			);
			name = main;
			productName = main;
			productReference = 4CF1B956207C0DED00008DEF /* main */;
			productType = "com.apple.product-type.tool";
		};
/* End PBXNativeTarget section */

/* Begin PBXProject section */
		4CF1B94E207C0DEC00008DEF /* Project object */ = {
			isa = PBXProject;
			attributes = {
				LastUpgradeCheck = 0920;
				ORGANIZATIONNAME = "Michael Emperador";
				TargetAttributes = {
					4CF1B955207C0DEC00008DEF = {
						CreatedOnToolsVersion = 9.2;
						ProvisioningStyle = Automatic;
					};
				};
			};
			buildConfigurationList = 4CF1B951207C0DEC00008DEF /* Build configuration list for PBXProject "main" */;
			compatibilityVersion = "Xcode 8.0";
			developmentRegion = en;
			hasScannedForEncodings = 0;
			knownRegions = (
				en,
			);
			mainGroup = 4CF1B94D207C0DEC00008DEF;
			productRefGroup = 4CF1B957207C0DED00008DEF /* Products */;
			projectDirPath = "";
			projectRoot = "";
			targets = (
				4CF1B955207C0DEC00008DEF /* main */,
			);
		};
/* End PBXProject section */

/* Begin PBXSourcesBuildPhase section */
		4CF1B952207C0DEC00008DEF /* Sources */ = {
			isa = PBXSourcesBuildPhase;
			buildActionMask = 2147483647;
			files = (
				4C154EF9208ABA880074E56A /* TimersandUpdates.cpp in Sources */,
				4CF1B979207D56E500008DEF /* Task.cpp in Sources */,
				4CF1B97F207ED48A00008DEF /* helperFunctions.cpp in Sources */,
				4CF1B97C207D56FA00008DEF /* RTOS.cpp in Sources */,
				4CF1B95A207C0DED00008DEF /* main.cpp in Sources */,
				4CF1B965207C12E700008DEF /* node.cpp in Sources */,
			);
			runOnlyForDeploymentPostprocessing = 0;
		};
/* End PBXSourcesBuildPhase section */

/* Begin XCBuildConfiguration section */
		4CF1B95B207C0DED00008DEF /* Debug */ = {
			isa = XCBuildConfiguration;
			buildSettings = {
				ALWAYS_SEARCH_USER_PATHS = NO;
				CLANG_ANALYZER_NONNULL = YES;
				CLANG_ANALYZER_NUMBER_OBJECT_CONVERSION = YES_AGGRESSIVE;
				CLANG_CXX_LANGUAGE_STANDARD = "gnu++14";
				CLANG_CXX_LIBRARY = "libc++";
				CLANG_ENABLE_MODULES = YES;
				CLANG_ENABLE_OBJC_ARC = YES;
				CLANG_WARN_BLOCK_CAPTURE_AUTORELEASING = YES;
				CLANG_WARN_BOOL_CONVERSION = YES;
				CLANG_WARN_COMMA = YES;
				CLANG_WARN_CONSTANT_CONVERSION = YES;
				CLANG_WARN_DIRECT_OBJC_ISA_USAGE = YES_ERROR;
				CLANG_WARN_DOCUMENTATION_COMMENTS = YES;
				CLANG_WARN_EMPTY_BODY = YES;
				CLANG_WARN_ENUM_CONVERSION = YES;
				CLANG_WARN_INFINITE_RECURSION = YES;
				CLANG_WARN_INT_CONVERSION = YES;
				CLANG_WARN_NON_LITERAL_NULL_CONVERSION = YES;
				CLANG_WARN_OBJC_LITERAL_CONVERSION = YES;
				CLANG_WARN_OBJC_ROOT_CLASS = YES_ERROR;
				CLANG_WARN_RANGE_LOOP_ANALYSIS = YES;
				CLANG_WARN_STRICT_PROTOTYPES = YES;
				CLANG_WARN_SUSPICIOUS_MOVE = YES;
				CLANG_WARN_UNGUARDED_AVAILABILITY = YES_AGGRESSIVE;
				CLANG_WARN_UNREACHABLE_CODE = YES;
				CLANG_WARN__DUPLICATE_METHOD_MATCH = YES;
				CODE_SIGN_IDENTITY = "-";
				COPY_PHASE_STRIP = NO;
				DEBUG_INFORMATION_FORMAT = dwarf;
				ENABLE_STRICT_OBJC_MSGSEND = YES;
				ENABLE_TESTABILITY = YES;
				GCC_C_LANGUAGE_STANDARD = gnu11;
				GCC_DYNAMIC_NO_PIC = NO;
				GCC_NO_COMMON_BLOCKS = YES;
				GCC_OPTIMIZATION_LEVEL = 0;
				GCC_PREPROCESSOR_DEFINITIONS = (
					"DEBUG=1",
					"$(inherited)",
				);
				GCC_WARN_64_TO_32_BIT_CONVERSION = YES;
				GCC_WARN_ABOUT_RETURN_TYPE = YES_ERROR;
				GCC_WARN_UNDECLARED_SELECTOR = YES;
				GCC_WARN_UNINITIALIZED_AUTOS = YES_AGGRESSIVE;
				GCC_WARN_UNUSED_FUNCTION = YES;
				GCC_WARN_UNUSED_VARIABLE = YES;
				MACOSX_DEPLOYMENT_TARGET = 10.12;
				MTL_ENABLE_DEBUG_INFO = YES;
				ONLY_ACTIVE_ARCH = YES;
				SDKROOT = macosx;
			};
			name = Debug;
		};
		4CF1B95C207C0DED00008DEF /* Release */ = {
			isa = XCBuildConfiguration;
			buildSettings = {
				ALWAYS_SEARCH_USER_PATHS = NO;
				CLANG_ANALYZER_NONNULL = YES;
				CLANG_ANALYZER_NUMBER_OBJECT_CONVERSION = YES_AGGRESSIVE;
				CLANG_CXX_LANGUAGE_STANDARD = "gnu++14";
				CLANG_CXX_LIBRARY = "libc++";
				CLANG_ENABLE_MODULES = YES;
				CLANG_ENABLE_OBJC_ARC = YES;
				CLANG_WARN_BLOCK_CAPTURE_AUTORELEASING = YES;
				CLANG_WARN_BOOL_CONVERSION = YES;
				CLANG_WARN_COMMA = YES;
				CLANG_WARN_CONSTANT_CONVERSION = YES;
				CLANG_WARN_DIRECT_OBJC_ISA_USAGE = YES_ERROR;
				CLANG_WARN_DOCUMENTATION_COMMENTS = YES;
				CLANG_WARN_EMPTY_BODY = YES;
				CLANG_WARN_ENUM_CONVERSION = YES;
				CLANG_WARN_INFINITE_RECURSION = YES;
				CLANG_WARN_INT_CONVERSION = YES;
				CLANG_WARN_NON_LITERAL_NULL_CONVERSION = YES;
				CLANG_WARN_OBJC_LITERAL_CONVERSION = YES;
				CLANG_WARN_OBJC_ROOT_CLASS = YES_ERROR;
				CLANG_WARN_RANGE_LOOP_ANALYSIS = YES;
				CLANG_WARN_STRICT_PROTOTYPES = YES;
				CLANG_WARN_SUSPICIOUS_MOVE = YES;
				CLANG_WARN_UNGUARDED_AVAILABILITY = YES_AGGRESSIVE;
				CLANG_WARN_UNREACHABLE_CODE = YES;
				CLANG_WARN__DUPLICATE_METHOD_MATCH = YES;
				CODE_SIGN_IDENTITY = "-";
				COPY_PHASE_STRIP = NO;
				DEBUG_INFORMATION_FORMAT = "dwarf-with-dsym";
				ENABLE_NS_ASSERTIONS = NO;
				ENABLE_STRICT_OBJC_MSGSEND = YES;
				GCC_C_LANGUAGE_STANDARD = gnu11;
				GCC_NO_COMMON_BLOCKS = YES;
				GCC_WARN_64_TO_32_BIT_CONVERSION = YES;
				GCC_WARN_ABOUT_RETURN_TYPE = YES_ERROR;
				GCC_WARN_UNDECLARED_SELECTOR = YES;
				GCC_WARN_UNINITIALIZED_AUTOS = YES_AGGRESSIVE;
				GCC_WARN_UNUSED_FUNCTION = YES;
				GCC_WARN_UNUSED_VARIABLE = YES;
				MACOSX_DEPLOYMENT_TARGET = 10.12;
				MTL_ENABLE_DEBUG_INFO = NO;
				SDKROOT = macosx;
			};
			name = Release;
		};
		4CF1B95E207C0DED00008DEF /* Debug */ = {
			isa = XCBuildConfiguration;
			buildSettings = {
				CODE_SIGN_STYLE = Automatic;
				PRODUCT_NAME = "$(TARGET_NAME)";
			};
			name = Debug;
		};
		4CF1B95F207C0DED00008DEF /* Release */ = {
			isa = XCBuildConfiguration;
			buildSettings = {
				CODE_SIGN_STYLE = Automatic;
				PRODUCT_NAME = "$(TARGET_NAME)";
			};
			name = Release;
		};
/* End XCBuildConfiguration section */

/* Begin XCConfigurationList section */
		4CF1B951207C0DEC00008DEF /* Build configuration list for PBXProject "main" */ = {
			isa = XCConfigurationList;
			buildConfigurations = (
				4CF1B95B207C0DED00008DEF /* Debug */,
				4CF1B95C207C0DED00008DEF /* Release */,
			);
			defaultConfigurationIsVisible = 0;
			defaultConfigurationName = Release;
		};
		4CF1B95D207C0DED00008DEF /* Build configuration list for PBXNativeTarget "main" */ = {
			isa = XCConfigurationList;
			buildConfigurations = (
				4CF1B95E207C0DED00008DEF /* Debug */,
				4CF1B95F207C0DED00008DEF /* Release */,
			);
			defaultConfigurationIsVisible = 0;
			defaultConfigurationName = Release;
		};
/* End XCConfigurationList section */
	};
	rootObject = 4CF1B94E207C0DEC00008DEF /* Project object */;
}
